
Microsoft Visual Studio Solution File, Format Version 12.00
# Visual Studio Version 16
VisualStudioVersion = 16.0.35425.106
MinimumVisualStudioVersion = 10.0.40219.1
Project("{FAE04EC0-301F-11D3-BF4B-00C04F79EFBC}") = "Restaraunt", "Restaraunt\Restaraunt.csproj", "{2B20577B-029D-42C5-8B64-DDE1FB2DC66F}"
EndProject
Global
	GlobalSection(SolutionConfigurationPlatforms) = preSolution
		Debug|Any CPU = Debug|Any CPU
		Release|Any CPU = Release|Any CPU
	EndGlobalSection
	GlobalSection(ProjectConfigurationPlatforms) = postSolution
		{2B20577B-029D-42C5-8B64-DDE1FB2DC66F}.Debug|Any CPU.ActiveCfg = Debug|Any CPU
		{2B20577B-029D-42C5-8B64-DDE1FB2DC66F}.Debug|Any CPU.Build.0 = Debug|Any CPU
		{2B20577B-029D-42C5-8B64-DDE1FB2DC66F}.Release|Any CPU.ActiveCfg = Release|Any CPU
		{2B20577B-029D-42C5-8B64-DDE1FB2DC66F}.Release|Any CPU.Build.0 = Release|Any CPU
	EndGlobalSection
	GlobalSection(SolutionProperties) = preSolution
		HideSolutionNode = FALSE
	EndGlobalSection
	GlobalSection(ExtensibilityGlobals) = postSolution
		SolutionGuid = {FBD3D5A5-961A-43D7-9176-8DF0BEF3C220}
	EndGlobalSection
EndGlobal
